lockfileVersion: '9.0'

settings:
  autoInstallPeers: true
  excludeLinksFromLockfile: false

importers:

  .:
    devDependencies:
      '@types/node':
        specifier: ^24.10.12
        version: 24.10.12
      typescript:
        specifier: ^6.0.2
        version: 6.0.2

packages:

  '@types/node@24.10.12':
    resolution: {integrity: sha512-68e+T28EbdmLSTkPgs3+UacC6rzmqrcWFPQs1C8mwJhI/r5Uxr0yEuQotczNRROd1gq30NGxee+fo0rSIxpyAw==}

  typescript@6.0.2:
    resolution: {integrity: sha512-bGdAIrZ0wiGDo5l8c++HWtbaNCWTS4UTv7RaTH/ThVIgjkveJt83m74bBHMJkuCbslY8ixgLBVZJIOiQlQTjfQ==}
    engines: {node: '>=14.17'}
    hasBin: true

  undici-types@7.16.0:
    resolution: {integrity: sha512-Zz+aZWSj8LE6zoxD+xrjh4VfkIG8Ya6LvYkZqtUQGJPZjYl53ypCaUwWqo7eI0x66KBGeRo+mlBEkMSeSZ38Nw==}

snapshots:

  '@types/node@24.10.12':
    dependencies:
      undici-types: 7.16.0

  typescript@6.0.2: {}

  undici-types@7.16.0: {}
